// !$*UTF8*$!
{
	archiveVersion = 1;
	classes = {
	};
	objectVersion = 50;
	objects = {

/* Begin PBXBuildFile section */
		8062A22D25CCB5640040BA17 /* AppDelegate.m in Sources */ = {isa = PBXBuildFile; fileRef = 8062A22C25CCB5640040BA17 /* AppDelegate.m */; };
		8062A23025CCB5640040BA17 /* SceneDelegate.m in Sources */ = {isa = PBXBuildFile; fileRef = 8062A22F25CCB5640040BA17 /* SceneDelegate.m */; };
		8062A23325CCB5640040BA17 /* ViewController.m in Sources */ = {isa = PBXBuildFile; fileRef = 8062A23225CCB5640040BA17 /* ViewController.m */; };
		8062A23625CCB5640040BA17 /* Main.storyboard in Resources */ = {isa = PBXBuildFile; fileRef = 8062A23425CCB5640040BA17 /* Main.storyboard */; };
		8062A23825CCB5680040BA17 /* Assets.xcassets in Resources */ = {isa = PBXBuildFile; fileRef = 8062A23725CCB5680040BA17 /* Assets.xcassets */; };
		8062A23B25CCB5680040BA17 /* LaunchScreen.storyboard in Resources */ = {isa = PBXBuildFile; fileRef = 8062A23925CCB5680040BA17 /* LaunchScreen.storyboard */; };
		8062A23E25CCB5680040BA17 /* main.m in Sources */ = {isa = PBXBuildFile; fileRef = 8062A23D25CCB5680040BA17 /* main.m */; };
		8062A24725CCB58C0040BA17 /* Target.m in Sources */ = {isa = PBXBuildFile; fileRef = 8062A24625CCB58C0040BA17 /* Target.m */; };
		8062A25125CCB8CE0040BA17 /* NSObject+Swizzing.m in Sources */ = {isa = PBXBuildFile; fileRef = 8062A25025CCB8CE0040BA17 /* NSObject+Swizzing.m */; };
/* End PBXBuildFile section */

/* Begin PBXFileReference section */
		8062A22825CCB5640040BA17 /* DynamicSwizzing.app */ = {isa = PBXFileReference; explicitFileType = wrapper.application; includeInIndex = 0; path = DynamicSwizzing.app; sourceTree = BUILT_PRODUCTS_DIR; };
		8062A22B25CCB5640040BA17 /* AppDelegate.h */ = {isa = PBXFileReference; lastKnownFileType = sourcecode.c.h; path = AppDelegate.h; sourceTree = "<group>"; };
		8062A22C25CCB5640040BA17 /* AppDelegate.m */ = {isa = PBXFileReference; lastKnownFileType = sourcecode.c.objc; path = AppDelegate.m; sourceTree = "<group>"; };
		8062A22E25CCB5640040BA17 /* SceneDelegate.h */ = {isa = PBXFileReference; lastKnownFileType = sourcecode.c.h; path = SceneDelegate.h; sourceTree = "<group>"; };
		8062A22F25CCB5640040BA17 /* SceneDelegate.m */ = {isa = PBXFileReference; lastKnownFileType = sourcecode.c.objc; path = SceneDelegate.m; sourceTree = "<group>"; };
		8062A23125CCB5640040BA17 /* ViewController.h */ = {isa = PBXFileReference; lastKnownFileType = sourcecode.c.h; path = ViewController.h; sourceTree = "<group>"; };
		8062A23225CCB5640040BA17 /* ViewController.m */ = {isa = PBXFileReference; lastKnownFileType = sourcecode.c.objc; path = ViewController.m; sourceTree = "<group>"; };
		8062A23525CCB5640040BA17 /* Base */ = {isa = PBXFileReference; lastKnownFileType = file.storyboard; name = Base; path = Base.lproj/Main.storyboard; sourceTree = "<group>"; };
		8062A23725CCB5680040BA17 /* Assets.xcassets */ = {isa = PBXFileReference; lastKnownFileType = folder.assetcatalog; path = Assets.xcassets; sourceTree = "<group>"; };
		8062A23A25CCB5680040BA17 /* Base */ = {isa = PBXFileReference; lastKnownFileType = file.storyboard; name = Base; path = Base.lproj/LaunchScreen.storyboard; sourceTree = "<group>"; };
		8062A23C25CCB5680040BA17 /* Info.plist */ = {isa = PBXFileReference; lastKnownFileType = text.plist.xml; path = Info.plist; sourceTree = "<group>"; };
		8062A23D25CCB5680040BA17 /* main.m */ = {isa = PBXFileReference; lastKnownFileType = sourcecode.c.objc; path = main.m; sourceTree = "<group>"; };
		8062A24525CCB58C0040BA17 /* Target.h */ = {isa = PBXFileReference; lastKnownFileType = sourcecode.c.h; path = Target.h; sourceTree = "<group>"; };
		8062A24625CCB58C0040BA17 /* Target.m */ = {isa = PBXFileReference; lastKnownFileType = sourcecode.c.objc; path = Target.m; sourceTree = "<group>"; };
		8062A24F25CCB8CE0040BA17 /* NSObject+Swizzing.h */ = {isa = PBXFileReference; lastKnownFileType = sourcecode.c.h; path = "NSObject+Swizzing.h"; sourceTree = "<group>"; };
		8062A25025CCB8CE0040BA17 /* NSObject+Swizzing.m */ = {isa = PBXFileReference; lastKnownFileType = sourcecode.c.objc; path = "NSObject+Swizzing.m"; sourceTree = "<group>"; };
/* End PBXFileReference section */

/* Begin PBXFrameworksBuildPhase section */
		8062A22525CCB5640040BA17 /* Frameworks */ = {
			isa = PBXFrameworksBuildPhase;
			buildActionMask = 2147483647;
			files = (
			);
			runOnlyForDeploymentPostprocessing = 0;
		};
/* End PBXFrameworksBuildPhase section */

/* Begin PBXGroup section */
		8062A21F25CCB5640040BA17 = {
			isa = PBXGroup;
			children = (
				8062A22A25CCB5640040BA17 /* DynamicSwizzing */,
				8062A22925CCB5640040BA17 /* Products */,
			);
			sourceTree = "<group>";
		};
		8062A22925CCB5640040BA17 /* Products */ = {
			isa = PBXGroup;
			children = (
				8062A22825CCB5640040BA17 /* DynamicSwizzing.app */,
			);
			name = Products;
			sourceTree = "<group>";
		};
		8062A22A25CCB5640040BA17 /* DynamicSwizzing */ = {
			isa = PBXGroup;
			children = (
				8062A22B25CCB5640040BA17 /* AppDelegate.h */,
				8062A22C25CCB5640040BA17 /* AppDelegate.m */,
				8062A22E25CCB5640040BA17 /* SceneDelegate.h */,
				8062A22F25CCB5640040BA17 /* SceneDelegate.m */,
				8062A23125CCB5640040BA17 /* ViewController.h */,
				8062A23225CCB5640040BA17 /* ViewController.m */,
				8062A23425CCB5640040BA17 /* Main.storyboard */,
				8062A23725CCB5680040BA17 /* Assets.xcassets */,
				8062A23925CCB5680040BA17 /* LaunchScreen.storyboard */,
				8062A23C25CCB5680040BA17 /* Info.plist */,
				8062A23D25CCB5680040BA17 /* main.m */,
				8062A24525CCB58C0040BA17 /* Target.h */,
				8062A24625CCB58C0040BA17 /* Target.m */,
				8062A24F25CCB8CE0040BA17 /* NSObject+Swizzing.h */,
				8062A25025CCB8CE0040BA17 /* NSObject+Swizzing.m */,
			);
			path = DynamicSwizzing;
			sourceTree = "<group>";
		};
/* End PBXGroup section */

/* Begin PBXNativeTarget section */
		8062A22725CCB5640040BA17 /* DynamicSwizzing */ = {
			isa = PBXNativeTarget;
			buildConfigurationList = 8062A24125CCB5680040BA17 /* Build configuration list for PBXNativeTarget "DynamicSwizzing" */;
			buildPhases = (
				8062A22425CCB5640040BA17 /* Sources */,
				8062A22525CCB5640040BA17 /* Frameworks */,
				8062A22625CCB5640040BA17 /* Resources */,
			);
			buildRules = (
			);
			dependencies = (
			);
			name = DynamicSwizzing;
			productName = DynamicSwizzing;
			productReference = 8062A22825CCB5640040BA17 /* DynamicSwizzing.app */;
			productType = "com.apple.product-type.application";
		};
/* End PBXNativeTarget section */

/* Begin PBXProject section */
		8062A22025CCB5640040BA17 /* Project object */ = {
			isa = PBXProject;
			attributes = {
				LastUpgradeCheck = 1230;
				TargetAttributes = {
					8062A22725CCB5640040BA17 = {
						CreatedOnToolsVersion = 12.3;
					};
				};
			};
			buildConfigurationList = 8062A22325CCB5640040BA17 /* Build configuration list for PBXProject "DynamicSwizzing" */;
			compatibilityVersion = "Xcode 9.3";
			developmentRegion = en;
			hasScannedForEncodings = 0;
			knownRegions = (
				en,
				Base,
			);
			mainGroup = 8062A21F25CCB5640040BA17;
			productRefGroup = 8062A22925CCB5640040BA17 /* Products */;
			projectDirPath = "";
			projectRoot = "";
			targets = (
				8062A22725CCB5640040BA17 /* DynamicSwizzing */,
			);
		};
/* End PBXProject section */

/* Begin PBXResourcesBuildPhase section */
		8062A22625CCB5640040BA17 /* Resources */ = {
			isa = PBXResourcesBuildPhase;
			buildActionMask = 2147483647;
			files = (
				8062A23B25CCB5680040BA17 /* LaunchScreen.storyboard in Resources */,
				8062A23825CCB5680040BA17 /* Assets.xcassets in Resources */,
				8062A23625CCB5640040BA17 /* Main.storyboard in Resources */,
			);
			runOnlyForDeploymentPostprocessing = 0;
		};
/* End PBXResourcesBuildPhase section */

/* Begin PBXSourcesBuildPhase section */
		8062A22425CCB5640040BA17 /* Sources */ = {
			isa = PBXSourcesBuildPhase;
			buildActionMask = 2147483647;
			files = (
				8062A24725CCB58C0040BA17 /* Target.m in Sources */,
				8062A23325CCB5640040BA17 /* ViewController.m in Sources */,
				8062A22D25CCB5640040BA17 /* AppDelegate.m in Sources */,
				8062A23E25CCB5680040BA17 /* main.m in Sources */,
				8062A25125CCB8CE0040BA17 /* NSObject+Swizzing.m in Sources */,
				8062A23025CCB5640040BA17 /* SceneDelegate.m in Sources */,
			);
			runOnlyForDeploymentPostprocessing = 0;
		};
/* End PBXSourcesBuildPhase section */

/* Begin PBXVariantGroup section */
		8062A23425CCB5640040BA17 /* Main.storyboard */ = {
			isa = PBXVariantGroup;
			children = (
				8062A23525CCB5640040BA17 /* Base */,
			);
			name = Main.storyboard;
			sourceTree = "<group>";
		};
		8062A23925CCB5680040BA17 /* LaunchScreen.storyboard */ = {
			isa = PBXVariantGroup;
			children = (
				8062A23A25CCB5680040BA17 /* Base */,
			);
			name = LaunchScreen.storyboard;
			sourceTree = "<group>";
		};
/* End PBXVariantGroup section */

/* Begin XCBuildConfiguration section */
		8062A23F25CCB5680040BA17 /* Debug */ = {
			isa = XCBuildConfiguration;
			buildSettings = {
				ALWAYS_SEARCH_USER_PATHS = NO;
				CLANG_ANALYZER_NONNULL = YES;
				CLANG_ANALYZER_NUMBER_OBJECT_CONVERSION = YES_AGGRESSIVE;
				CLANG_CXX_LANGUAGE_STANDARD = "gnu++14";
				CLANG_CXX_LIBRARY = "libc++";
				CLANG_ENABLE_MODULES = YES;
				CLANG_ENABLE_OBJC_ARC = YES;
				CLANG_ENABLE_OBJC_WEAK = YES;
				CLANG_WARN_BLOCK_CAPTURE_AUTORELEASING = YES;
				CLANG_WARN_BOOL_CONVERSION = YES;
				CLANG_WARN_COMMA = YES;
				CLANG_WARN_CONSTANT_CONVERSION = YES;
				CLANG_WARN_DEPRECATED_OBJC_IMPLEMENTATIONS = YES;
				CLANG_WARN_DIRECT_OBJC_ISA_USAGE = YES_ERROR;
				CLANG_WARN_DOCUMENTATION_COMMENTS = YES;
				CLANG_WARN_EMPTY_BODY = YES;
				CLANG_WARN_ENUM_CONVERSION = YES;
				CLANG_WARN_INFINITE_RECURSION = YES;
				CLANG_WARN_INT_CONVERSION = YES;
				CLANG_WARN_NON_LITERAL_NULL_CONVERSION = YES;
				CLANG_WARN_OBJC_IMPLICIT_RETAIN_SELF = YES;
				CLANG_WARN_OBJC_LITERAL_CONVERSION = YES;
				CLANG_WARN_OBJC_ROOT_CLASS = YES_ERROR;
				CLANG_WARN_QUOTED_INCLUDE_IN_FRAMEWORK_HEADER = YES;
				CLANG_WARN_RANGE_LOOP_ANALYSIS = YES;
				CLANG_WARN_STRICT_PROTOTYPES = YES;
				CLANG_WARN_SUSPICIOUS_MOVE = YES;
				CLANG_WARN_UNGUARDED_AVAILABILITY = YES_AGGRESSIVE;
				CLANG_WARN_UNREACHABLE_CODE = YES;
				CLANG_WARN__DUPLICATE_METHOD_MATCH = YES;
				COPY_PHASE_STRIP = NO;
				DEBUG_INFORMATION_FORMAT = dwarf;
				ENABLE_STRICT_OBJC_MSGSEND = YES;
				ENABLE_TESTABILITY = YES;
				GCC_C_LANGUAGE_STANDARD = gnu11;
				GCC_DYNAMIC_NO_PIC = NO;
				GCC_NO_COMMON_BLOCKS = YES;
				GCC_OPTIMIZATION_LEVEL = 0;
				GCC_PREPROCESSOR_DEFINITIONS = (
					"DEBUG=1",
					"$(inherited)",
				);
				GCC_WARN_64_TO_32_BIT_CONVERSION = YES;
				GCC_WARN_ABOUT_RETURN_TYPE = YES_ERROR;
				GCC_WARN_UNDECLARED_SELECTOR = YES;
				GCC_WARN_UNINITIALIZED_AUTOS = YES_AGGRESSIVE;
				GCC_WARN_UNUSED_FUNCTION = YES;
				GCC_WARN_UNUSED_VARIABLE = YES;
				IPHONEOS_DEPLOYMENT_TARGET = 14.3;
				MTL_ENABLE_DEBUG_INFO = INCLUDE_SOURCE;
				MTL_FAST_MATH = YES;
				ONLY_ACTIVE_ARCH = YES;
				SDKROOT = iphoneos;
			};
			name = Debug;
		};
		8062A24025CCB5680040BA17 /* Release */ = {
			isa = XCBuildConfiguration;
			buildSettings = {
				ALWAYS_SEARCH_USER_PATHS = NO;
				CLANG_ANALYZER_NONNULL = YES;
				CLANG_ANALYZER_NUMBER_OBJECT_CONVERSION = YES_AGGRESSIVE;
				CLANG_CXX_LANGUAGE_STANDARD = "gnu++14";
				CLANG_CXX_LIBRARY = "libc++";
				CLANG_ENABLE_MODULES = YES;
				CLANG_ENABLE_OBJC_ARC = YES;
				CLANG_ENABLE_OBJC_WEAK = YES;
				CLANG_WARN_BLOCK_CAPTURE_AUTORELEASING = YES;
				CLANG_WARN_BOOL_CONVERSION = YES;
				CLANG_WARN_COMMA = YES;
				CLANG_WARN_CONSTANT_CONVERSION = YES;
				CLANG_WARN_DEPRECATED_OBJC_IMPLEMENTATIONS = YES;
				CLANG_WARN_DIRECT_OBJC_ISA_USAGE = YES_ERROR;
				CLANG_WARN_DOCUMENTATION_COMMENTS = YES;
				CLANG_WARN_EMPTY_BODY = YES;
				CLANG_WARN_ENUM_CONVERSION = YES;
				CLANG_WARN_INFINITE_RECURSION = YES;
				CLANG_WARN_INT_CONVERSION = YES;
				CLANG_WARN_NON_LITERAL_NULL_CONVERSION = YES;
				CLANG_WARN_OBJC_IMPLICIT_RETAIN_SELF = YES;
				CLANG_WARN_OBJC_LITERAL_CONVERSION = YES;
				CLANG_WARN_OBJC_ROOT_CLASS = YES_ERROR;
				CLANG_WARN_QUOTED_INCLUDE_IN_FRAMEWORK_HEADER = YES;
				CLANG_WARN_RANGE_LOOP_ANALYSIS = YES;
				CLANG_WARN_STRICT_PROTOTYPES = YES;
				CLANG_WARN_SUSPICIOUS_MOVE = YES;
				CLANG_WARN_UNGUARDED_AVAILABILITY = YES_AGGRESSIVE;
				CLANG_WARN_UNREACHABLE_CODE = YES;
				CLANG_WARN__DUPLICATE_METHOD_MATCH = YES;
				COPY_PHASE_STRIP = NO;
				DEBUG_INFORMATION_FORMAT = "dwarf-with-dsym";
				ENABLE_NS_ASSERTIONS = NO;
				ENABLE_STRICT_OBJC_MSGSEND = YES;
				GCC_C_LANGUAGE_STANDARD = gnu11;
				GCC_NO_COMMON_BLOCKS = YES;
				GCC_WARN_64_TO_32_BIT_CONVERSION = YES;
				GCC_WARN_ABOUT_RETURN_TYPE = YES_ERROR;
				GCC_WARN_UNDECLARED_SELECTOR = YES;
				GCC_WARN_UNINITIALIZED_AUTOS = YES_AGGRESSIVE;
				GCC_WARN_UNUSED_FUNCTION = YES;
				GCC_WARN_UNUSED_VARIABLE = YES;
				IPHONEOS_DEPLOYMENT_TARGET = 14.3;
				MTL_ENABLE_DEBUG_INFO = NO;
				MTL_FAST_MATH = YES;
				SDKROOT = iphoneos;
				VALIDATE_PRODUCT = YES;
			};
			name = Release;
		};
		8062A24225CCB5680040BA17 /* Debug */ = {
			isa = XCBuildConfiguration;
			buildSettings = {
				ASSETCATALOG_COMPILER_APPICON_NAME = AppIcon;
				ASSETCATALOG_COMPILER_GLOBAL_ACCENT_COLOR_NAME = AccentColor;
				CODE_SIGN_STYLE = Automatic;
				DEVELOPMENT_TEAM = H8WR8R4M2Y;
				INFOPLIST_FILE = DynamicSwizzing/Info.plist;
				LD_RUNPATH_SEARCH_PATHS = (
					"$(inherited)",
					"@executable_path/Frameworks",
				);
				PRODUCT_BUNDLE_IDENTIFIER = com.rouchi.testmonitor.DynamicSwizzing;
				PRODUCT_NAME = "$(TARGET_NAME)";
				TARGETED_DEVICE_FAMILY = "1,2";
			};
			name = Debug;
		};
		8062A24325CCB5680040BA17 /* Release */ = {
			isa = XCBuildConfiguration;
			buildSettings = {
				ASSETCATALOG_COMPILER_APPICON_NAME = AppIcon;
				ASSETCATALOG_COMPILER_GLOBAL_ACCENT_COLOR_NAME = AccentColor;
				CODE_SIGN_STYLE = Automatic;
				DEVELOPMENT_TEAM = H8WR8R4M2Y;
				INFOPLIST_FILE = DynamicSwizzing/Info.plist;
				LD_RUNPATH_SEARCH_PATHS = (
					"$(inherited)",
					"@executable_path/Frameworks",
				);
				PRODUCT_BUNDLE_IDENTIFIER = com.rouchi.testmonitor.DynamicSwizzing;
				PRODUCT_NAME = "$(TARGET_NAME)";
				TARGETED_DEVICE_FAMILY = "1,2";
			};
			name = Release;
		};
/* End XCBuildConfiguration section */

/* Begin XCConfigurationList section */
		8062A22325CCB5640040BA17 /* Build configuration list for PBXProject "DynamicSwizzing" */ = {
			isa = XCConfigurationList;
			buildConfigurations = (
				8062A23F25CCB5680040BA17 /* Debug */,
				8062A24025CCB5680040BA17 /* Release */,
			);
			defaultConfigurationIsVisible = 0;
			defaultConfigurationName = Release;
		};
		8062A24125CCB5680040BA17 /* Build configuration list for PBXNativeTarget "DynamicSwizzing" */ = {
			isa = XCConfigurationList;
			buildConfigurations = (
				8062A24225CCB5680040BA17 /* Debug */,
				8062A24325CCB5680040BA17 /* Release */,
			);
			defaultConfigurationIsVisible = 0;
			defaultConfigurationName = Release;
		};
/* End XCConfigurationList section */
	};
	rootObject = 8062A22025CCB5640040BA17 /* Project object */;
}
